
Microsoft Visual Studio Solution File, Format Version 12.00
# Visual Studio Version 16
VisualStudioVersion = 16.0.29519.87
MinimumVisualStudioVersion = 10.0.40219.1
Project("{2150E333-8FDC-42A3-9474-1A3956D46DE8}") = "1 - Presentation", "1 - Presentation", "{C09696E0-B1FC-48EC-AF43-12CEDBD13A18}"
EndProject
Project("{2150E333-8FDC-42A3-9474-1A3956D46DE8}") = "2 - Application", "2 - Application", "{64FF173B-E610-4FB9-AB8C-E382228A7313}"
EndProject
Project("{2150E333-8FDC-42A3-9474-1A3956D46DE8}") = "3 - Domain", "3 - Domain", "{EE0D905D-1827-4ED7-B953-F0817EA85443}"
EndProject
Project("{2150E333-8FDC-42A3-9474-1A3956D46DE8}") = "4 - Infrastructure", "4 - Infrastructure", "{2174360A-3F54-4F08-99FE-E2D5211DC866}"
EndProject
Project("{2150E333-8FDC-42A3-9474-1A3956D46DE8}") = "5 - Shared", "5 - Shared", "{C15AB21A-0CA6-4550-9505-C569AE845F3B}"
EndProject
Project("{2150E333-8FDC-42A3-9474-1A3956D46DE8}") = "6 - UnitTest", "6 - UnitTest", "{34F716BE-AA50-488E-8E04-BFB02B9FAB1A}"
EndProject
Project("{9A19103F-16F7-4668-BE54-9A1E7A4F7556}") = "Bizland.Domain.Entities", "Bizland.Domain.Entities\Bizland.Domain.Entities.csproj", "{9200FB60-B543-4F3F-8B89-87A5F269A71E}"
EndProject
Project("{9A19103F-16F7-4668-BE54-9A1E7A4F7556}") = "Bizland.Domain.Core", "Bizland.Domain.Core\Bizland.Domain.Core.csproj", "{0A1C2028-B8C0-4B46-9D82-A8E52B316235}"
EndProject
Project("{2150E333-8FDC-42A3-9474-1A3956D46DE8}") = "4.1 - Data", "4.1 - Data", "{A7CFA985-D2B9-4F57-9D4B-80DAB990A898}"
EndProject
Project("{2150E333-8FDC-42A3-9474-1A3956D46DE8}") = "4.2 - Repository", "4.2 - Repository", "{0850E3C8-8CC8-415C-85BC-4D72D312F898}"
EndProject
Project("{2150E333-8FDC-42A3-9474-1A3956D46DE8}") = "4.3 - CrossCutting", "4.3 - CrossCutting", "{B4B64DBE-C4B4-48B7-A7F2-F2453BBFBDE0}"
EndProject
Project("{2150E333-8FDC-42A3-9474-1A3956D46DE8}") = "5.1 - Utils", "5.1 - Utils", "{36B2D48C-E914-4C65-BCA3-D9DC2AABF5C7}"
EndProject
Project("{2150E333-8FDC-42A3-9474-1A3956D46DE8}") = "5.2 - Common", "5.2 - Common", "{D1BD6948-5ACB-4090-997C-9E48D589634E}"
EndProject
Project("{9A19103F-16F7-4668-BE54-9A1E7A4F7556}") = "Bizland.Infrastructure", "Bizland.Infrastructure\Bizland.Infrastructure.csproj", "{A713E1FB-04A4-4BC8-BAA9-385AA6881C29}"
EndProject
Project("{9A19103F-16F7-4668-BE54-9A1E7A4F7556}") = "Bizland.Infrastructure.Repository", "Bizland.Infrastructure.Repository\Bizland.Infrastructure.Repository.csproj", "{80ADA30D-8611-44FB-B68D-61CD85AE82CB}"
EndProject
Project("{9A19103F-16F7-4668-BE54-9A1E7A4F7556}") = "Bizland.Infrastructure.CrossCutting.IoC", "Bizland.Infrastructure.CrossCutting.IoC\Bizland.Infrastructure.CrossCutting.IoC.csproj", "{6444D242-D19E-4595-B407-A72E5D402986}"
EndProject
Project("{9A19103F-16F7-4668-BE54-9A1E7A4F7556}") = "Bizland.Infrastructure.CrossCutting.Bus", "Bizland.Infrastructure.CrossCutting.Bus\Bizland.Infrastructure.CrossCutting.Bus.csproj", "{1ECC1243-7160-41D3-B93D-208DC37104EC}"
EndProject
Project("{9A19103F-16F7-4668-BE54-9A1E7A4F7556}") = "Bizland.Utilities", "Bizland.Utilities\Bizland.Utilities.csproj", "{5FEFADEB-C923-4502-8B26-4F8523EB815D}"
EndProject
Project("{9A19103F-16F7-4668-BE54-9A1E7A4F7556}") = "Bizland.Common", "Bizland.Common\Bizland.Common.csproj", "{A655111B-1596-4AC6-9A81-835D3763E409}"
EndProject
Project("{9A19103F-16F7-4668-BE54-9A1E7A4F7556}") = "Bizland.Room.Api", "Bizland.Room.Api\Bizland.Room.Api.csproj", "{5A2B2A4D-3EDD-4714-8473-DA29A8AC9691}"
EndProject
Project("{9A19103F-16F7-4668-BE54-9A1E7A4F7556}") = "Bizland.Infrastructure.EF", "Bizland.Infrastructure.EF\Bizland.Infrastructure.EF.csproj", "{B2CBF5F9-05CE-4FD1-91AD-57DF20B04CE3}"
EndProject
Project("{9A19103F-16F7-4668-BE54-9A1E7A4F7556}") = "Bizland.Infrastructure.Dapper", "Bizland.Infrastructure.Dapper\Bizland.Infrastructure.Dapper.csproj", "{64E065FE-6D0D-4102-ADB5-ACF0124FBC77}"
EndProject
Project("{FAE04EC0-301F-11D3-BF4B-00C04F79EFBC}") = "Bizland.Application.Service.Room", "Bizland.Application.Service.Room\Bizland.Application.Service.Room.csproj", "{5C9CCDD2-D611-4BED-8C80-8F1D1BE32669}"
EndProject
Global
	GlobalSection(SolutionConfigurationPlatforms) = preSolution
		Debug|Any CPU = Debug|Any CPU
		Release|Any CPU = Release|Any CPU
	EndGlobalSection
	GlobalSection(ProjectConfigurationPlatforms) = postSolution
		{9200FB60-B543-4F3F-8B89-87A5F269A71E}.Debug|Any CPU.ActiveCfg = Debug|Any CPU
		{9200FB60-B543-4F3F-8B89-87A5F269A71E}.Debug|Any CPU.Build.0 = Debug|Any CPU
		{9200FB60-B543-4F3F-8B89-87A5F269A71E}.Release|Any CPU.ActiveCfg = Release|Any CPU
		{9200FB60-B543-4F3F-8B89-87A5F269A71E}.Release|Any CPU.Build.0 = Release|Any CPU
		{0A1C2028-B8C0-4B46-9D82-A8E52B316235}.Debug|Any CPU.ActiveCfg = Debug|Any CPU
		{0A1C2028-B8C0-4B46-9D82-A8E52B316235}.Debug|Any CPU.Build.0 = Debug|Any CPU
		{0A1C2028-B8C0-4B46-9D82-A8E52B316235}.Release|Any CPU.ActiveCfg = Release|Any CPU
		{0A1C2028-B8C0-4B46-9D82-A8E52B316235}.Release|Any CPU.Build.0 = Release|Any CPU
		{A713E1FB-04A4-4BC8-BAA9-385AA6881C29}.Debug|Any CPU.ActiveCfg = Debug|Any CPU
		{A713E1FB-04A4-4BC8-BAA9-385AA6881C29}.Debug|Any CPU.Build.0 = Debug|Any CPU
		{A713E1FB-04A4-4BC8-BAA9-385AA6881C29}.Release|Any CPU.ActiveCfg = Release|Any CPU
		{A713E1FB-04A4-4BC8-BAA9-385AA6881C29}.Release|Any CPU.Build.0 = Release|Any CPU
		{80ADA30D-8611-44FB-B68D-61CD85AE82CB}.Debug|Any CPU.ActiveCfg = Debug|Any CPU
		{80ADA30D-8611-44FB-B68D-61CD85AE82CB}.Debug|Any CPU.Build.0 = Debug|Any CPU
		{80ADA30D-8611-44FB-B68D-61CD85AE82CB}.Release|Any CPU.ActiveCfg = Release|Any CPU
		{80ADA30D-8611-44FB-B68D-61CD85AE82CB}.Release|Any CPU.Build.0 = Release|Any CPU
		{6444D242-D19E-4595-B407-A72E5D402986}.Debug|Any CPU.ActiveCfg = Debug|Any CPU
		{6444D242-D19E-4595-B407-A72E5D402986}.Debug|Any CPU.Build.0 = Debug|Any CPU
		{6444D242-D19E-4595-B407-A72E5D402986}.Release|Any CPU.ActiveCfg = Release|Any CPU
		{6444D242-D19E-4595-B407-A72E5D402986}.Release|Any CPU.Build.0 = Release|Any CPU
		{1ECC1243-7160-41D3-B93D-208DC37104EC}.Debug|Any CPU.ActiveCfg = Debug|Any CPU
		{1ECC1243-7160-41D3-B93D-208DC37104EC}.Debug|Any CPU.Build.0 = Debug|Any CPU
		{1ECC1243-7160-41D3-B93D-208DC37104EC}.Release|Any CPU.ActiveCfg = Release|Any CPU
		{1ECC1243-7160-41D3-B93D-208DC37104EC}.Release|Any CPU.Build.0 = Release|Any CPU
		{5FEFADEB-C923-4502-8B26-4F8523EB815D}.Debug|Any CPU.ActiveCfg = Debug|Any CPU
		{5FEFADEB-C923-4502-8B26-4F8523EB815D}.Debug|Any CPU.Build.0 = Debug|Any CPU
		{5FEFADEB-C923-4502-8B26-4F8523EB815D}.Release|Any CPU.ActiveCfg = Release|Any CPU
		{5FEFADEB-C923-4502-8B26-4F8523EB815D}.Release|Any CPU.Build.0 = Release|Any CPU
		{A655111B-1596-4AC6-9A81-835D3763E409}.Debug|Any CPU.ActiveCfg = Debug|Any CPU
		{A655111B-1596-4AC6-9A81-835D3763E409}.Debug|Any CPU.Build.0 = Debug|Any CPU
		{A655111B-1596-4AC6-9A81-835D3763E409}.Release|Any CPU.ActiveCfg = Release|Any CPU
		{A655111B-1596-4AC6-9A81-835D3763E409}.Release|Any CPU.Build.0 = Release|Any CPU
		{5A2B2A4D-3EDD-4714-8473-DA29A8AC9691}.Debug|Any CPU.ActiveCfg = Debug|Any CPU
		{5A2B2A4D-3EDD-4714-8473-DA29A8AC9691}.Debug|Any CPU.Build.0 = Debug|Any CPU
		{5A2B2A4D-3EDD-4714-8473-DA29A8AC9691}.Release|Any CPU.ActiveCfg = Release|Any CPU
		{5A2B2A4D-3EDD-4714-8473-DA29A8AC9691}.Release|Any CPU.Build.0 = Release|Any CPU
		{B2CBF5F9-05CE-4FD1-91AD-57DF20B04CE3}.Debug|Any CPU.ActiveCfg = Debug|Any CPU
		{B2CBF5F9-05CE-4FD1-91AD-57DF20B04CE3}.Debug|Any CPU.Build.0 = Debug|Any CPU
		{B2CBF5F9-05CE-4FD1-91AD-57DF20B04CE3}.Release|Any CPU.ActiveCfg = Release|Any CPU
		{B2CBF5F9-05CE-4FD1-91AD-57DF20B04CE3}.Release|Any CPU.Build.0 = Release|Any CPU
		{64E065FE-6D0D-4102-ADB5-ACF0124FBC77}.Debug|Any CPU.ActiveCfg = Debug|Any CPU
		{64E065FE-6D0D-4102-ADB5-ACF0124FBC77}.Debug|Any CPU.Build.0 = Debug|Any CPU
		{64E065FE-6D0D-4102-ADB5-ACF0124FBC77}.Release|Any CPU.ActiveCfg = Release|Any CPU
		{64E065FE-6D0D-4102-ADB5-ACF0124FBC77}.Release|Any CPU.Build.0 = Release|Any CPU
		{5C9CCDD2-D611-4BED-8C80-8F1D1BE32669}.Debug|Any CPU.ActiveCfg = Debug|Any CPU
		{5C9CCDD2-D611-4BED-8C80-8F1D1BE32669}.Debug|Any CPU.Build.0 = Debug|Any CPU
		{5C9CCDD2-D611-4BED-8C80-8F1D1BE32669}.Release|Any CPU.ActiveCfg = Release|Any CPU
		{5C9CCDD2-D611-4BED-8C80-8F1D1BE32669}.Release|Any CPU.Build.0 = Release|Any CPU
	EndGlobalSection
	GlobalSection(SolutionProperties) = preSolution
		HideSolutionNode = FALSE
	EndGlobalSection
	GlobalSection(NestedProjects) = preSolution
		{9200FB60-B543-4F3F-8B89-87A5F269A71E} = {EE0D905D-1827-4ED7-B953-F0817EA85443}
		{0A1C2028-B8C0-4B46-9D82-A8E52B316235} = {EE0D905D-1827-4ED7-B953-F0817EA85443}
		{A7CFA985-D2B9-4F57-9D4B-80DAB990A898} = {2174360A-3F54-4F08-99FE-E2D5211DC866}
		{0850E3C8-8CC8-415C-85BC-4D72D312F898} = {2174360A-3F54-4F08-99FE-E2D5211DC866}
		{B4B64DBE-C4B4-48B7-A7F2-F2453BBFBDE0} = {2174360A-3F54-4F08-99FE-E2D5211DC866}
		{36B2D48C-E914-4C65-BCA3-D9DC2AABF5C7} = {C15AB21A-0CA6-4550-9505-C569AE845F3B}
		{D1BD6948-5ACB-4090-997C-9E48D589634E} = {C15AB21A-0CA6-4550-9505-C569AE845F3B}
		{A713E1FB-04A4-4BC8-BAA9-385AA6881C29} = {A7CFA985-D2B9-4F57-9D4B-80DAB990A898}
		{80ADA30D-8611-44FB-B68D-61CD85AE82CB} = {0850E3C8-8CC8-415C-85BC-4D72D312F898}
		{6444D242-D19E-4595-B407-A72E5D402986} = {B4B64DBE-C4B4-48B7-A7F2-F2453BBFBDE0}
		{1ECC1243-7160-41D3-B93D-208DC37104EC} = {B4B64DBE-C4B4-48B7-A7F2-F2453BBFBDE0}
		{5FEFADEB-C923-4502-8B26-4F8523EB815D} = {36B2D48C-E914-4C65-BCA3-D9DC2AABF5C7}
		{A655111B-1596-4AC6-9A81-835D3763E409} = {D1BD6948-5ACB-4090-997C-9E48D589634E}
		{5A2B2A4D-3EDD-4714-8473-DA29A8AC9691} = {C09696E0-B1FC-48EC-AF43-12CEDBD13A18}
		{B2CBF5F9-05CE-4FD1-91AD-57DF20B04CE3} = {A7CFA985-D2B9-4F57-9D4B-80DAB990A898}
		{64E065FE-6D0D-4102-ADB5-ACF0124FBC77} = {A7CFA985-D2B9-4F57-9D4B-80DAB990A898}
		{5C9CCDD2-D611-4BED-8C80-8F1D1BE32669} = {64FF173B-E610-4FB9-AB8C-E382228A7313}
	EndGlobalSection
	GlobalSection(ExtensibilityGlobals) = postSolution
		SolutionGuid = {E148BC26-0228-4EAC-BAFB-C353E23F939A}
	EndGlobalSection
EndGlobal
